
Microsoft Visual Studio Solution File, Format Version 12.00
Project("{FAE04EC0-301F-11D3-BF4B-00C04F79EFBC}") = "ProjectGrade10.1", "ProjectGrade10.1\ProjectGrade10.1.csproj", "{C380121F-D318-40CA-AD4D-5C966AF0D006}"
EndProject
Global
	GlobalSection(SolutionConfigurationPlatforms) = preSolution
		Debug|Any CPU = Debug|Any CPU
		Release|Any CPU = Release|Any CPU
	EndGlobalSection
	GlobalSection(ProjectConfigurationPlatforms) = postSolution
		{C380121F-D318-40CA-AD4D-5C966AF0D006}.Debug|Any CPU.ActiveCfg = Debug|Any CPU
		{C380121F-D318-40CA-AD4D-5C966AF0D006}.Debug|Any CPU.Build.0 = Debug|Any CPU
		{C380121F-D318-40CA-AD4D-5C966AF0D006}.Release|Any CPU.ActiveCfg = Release|Any CPU
		{C380121F-D318-40CA-AD4D-5C966AF0D006}.Release|Any CPU.Build.0 = Release|Any CPU
	EndGlobalSection
EndGlobal
